
Microsoft Visual Studio Solution File, Format Version 12.00
# Visual Studio Version 17
VisualStudioVersion = 17.14.36212.18 d17.14
MinimumVisualStudioVersion = 10.0.40219.1
Project("{FAE04EC0-301F-11D3-BF4B-00C04F79EFBC}") = "AgentWebApp", "AgentWebApp\AgentWebApp.csproj", "{FBC7BDA9-BF11-DD8F-D46E-8D66E4F0C61F}"
EndProject
Project("{FAE04EC0-301F-11D3-BF4B-00C04F79EFBC}") = "AgentWebApp.AppHost", "AgentWebApp.AppHost\AgentWebApp.AppHost.csproj", "{9E31AADB-7BEA-4375-A939-F4DB0B93BDB0}"
EndProject
Project("{FAE04EC0-301F-11D3-BF4B-00C04F79EFBC}") = "AgentWebApp.ServiceDefaults", "AgentWebApp.ServiceDefaults\AgentWebApp.ServiceDefaults.csproj", "{EC113C78-FC3F-22D5-45F0-A5395736A80C}"
EndProject
Global
	GlobalSection(SolutionConfigurationPlatforms) = preSolution
		Debug|Any CPU = Debug|Any CPU
		Release|Any CPU = Release|Any CPU
	EndGlobalSection
	GlobalSection(ProjectConfigurationPlatforms) = postSolution
		{FBC7BDA9-BF11-DD8F-D46E-8D66E4F0C61F}.Debug|Any CPU.ActiveCfg = Debug|Any CPU
		{FBC7BDA9-BF11-DD8F-D46E-8D66E4F0C61F}.Debug|Any CPU.Build.0 = Debug|Any CPU
		{FBC7BDA9-BF11-DD8F-D46E-8D66E4F0C61F}.Release|Any CPU.ActiveCfg = Release|Any CPU
		{FBC7BDA9-BF11-DD8F-D46E-8D66E4F0C61F}.Release|Any CPU.Build.0 = Release|Any CPU
		{9E31AADB-7BEA-4375-A939-F4DB0B93BDB0}.Debug|Any CPU.ActiveCfg = Debug|Any CPU
		{9E31AADB-7BEA-4375-A939-F4DB0B93BDB0}.Debug|Any CPU.Build.0 = Debug|Any CPU
		{9E31AADB-7BEA-4375-A939-F4DB0B93BDB0}.Release|Any CPU.ActiveCfg = Release|Any CPU
		{9E31AADB-7BEA-4375-A939-F4DB0B93BDB0}.Release|Any CPU.Build.0 = Release|Any CPU
		{EC113C78-FC3F-22D5-45F0-A5395736A80C}.Debug|Any CPU.ActiveCfg = Debug|Any CPU
		{EC113C78-FC3F-22D5-45F0-A5395736A80C}.Debug|Any CPU.Build.0 = Debug|Any CPU
		{EC113C78-FC3F-22D5-45F0-A5395736A80C}.Release|Any CPU.ActiveCfg = Release|Any CPU
		{EC113C78-FC3F-22D5-45F0-A5395736A80C}.Release|Any CPU.Build.0 = Release|Any CPU
	EndGlobalSection
	GlobalSection(SolutionProperties) = preSolution
		HideSolutionNode = FALSE
	EndGlobalSection
	GlobalSection(ExtensibilityGlobals) = postSolution
		SolutionGuid = {E0F42AAD-4AC1-493E-AB16-7EAB2AD30AB2}
	EndGlobalSection
EndGlobal
