
Microsoft Visual Studio Solution File, Format Version 12.00
# Visual Studio Version 17
VisualStudioVersion = 17.14.36212.18
MinimumVisualStudioVersion = 10.0.40219.1
Project("{FAE04EC0-301F-11D3-BF4B-00C04F79EFBC}") = "AgentWebApp", "AgentWebApp\AgentWebApp.csproj", "{FBC7BDA9-BF11-DD8F-D46E-8D66E4F0C61F}"
EndProject
Project("{FAE04EC0-301F-11D3-BF4B-00C04F79EFBC}") = "CommonHelper", "CommonHelper\CommonHelper.csproj", "{4BDE40F5-37AD-15AA-1BFE-804DE8AA2522}"
EndProject
Project("{FAE04EC0-301F-11D3-BF4B-00C04F79EFBC}") = "Ioc.Core", "Ioc.Core\Ioc.Core.csproj", "{C7D8A89E-CCEC-0D7D-D937-E5F4E03FD1F1}"
EndProject
Project("{FAE04EC0-301F-11D3-BF4B-00C04F79EFBC}") = "Ioc.Data", "Ioc.Data\Ioc.Data.csproj", "{8D76CC1D-20F1-0678-53E8-4126910D367B}"
EndProject
Project("{FAE04EC0-301F-11D3-BF4B-00C04F79EFBC}") = "Ioc.ObjModels", "Ioc.ObjModels\Ioc.ObjModels.csproj", "{9FCB2E6E-615C-6584-7F32-90D14F90578E}"
EndProject
Project("{FAE04EC0-301F-11D3-BF4B-00C04F79EFBC}") = "Ioc.Service", "Ioc.Service\Ioc.Service.csproj", "{41C27476-DD9F-78A4-E3F9-E172B46A2E3E}"
EndProject
Project("{FAE04EC0-301F-11D3-BF4B-00C04F79EFBC}") = "LoggerExt", "LoggerExt\LoggerExt.csproj", "{CC834D86-9DDE-AE09-4BA2-98F64FABCBE9}"
EndProject
Project("{FAE04EC0-301F-11D3-BF4B-00C04F79EFBC}") = "UserClaimSetup", "UserClaimSetup\UserClaimSetup.csproj", "{82DEBE4D-36E5-BCD0-A062-910782D2E795}"
EndProject
Project("{2150E333-8FDC-42A3-9474-1A3956D46DE8}") = "Solution Items", "Solution Items", "{8EC462FD-D22E-90A8-E5CE-7E832BA40C5D}"
	ProjectSection(SolutionItems) = preProject
		global.json = global.json
	EndProjectSection
EndProject
Project("{FAE04EC0-301F-11D3-BF4B-00C04F79EFBC}") = "TestFunctionalityConsole", "TestFunctionality\TestFunctionalityConsole.csproj", "{C3CCCF23-8CF3-7B54-7748-6CC88319BA42}"
EndProject
Project("{FAE04EC0-301F-11D3-BF4B-00C04F79EFBC}") = "WebAPI", "WebAPI\WebAPI.csproj", "{8D6B33C5-CEE1-20B5-A207-99CBB61F699C}"
EndProject
Global
	GlobalSection(SolutionConfigurationPlatforms) = preSolution
		Debug|Any CPU = Debug|Any CPU
		Release|Any CPU = Release|Any CPU
	EndGlobalSection
	GlobalSection(ProjectConfigurationPlatforms) = postSolution
		{FBC7BDA9-BF11-DD8F-D46E-8D66E4F0C61F}.Debug|Any CPU.ActiveCfg = Debug|Any CPU
		{FBC7BDA9-BF11-DD8F-D46E-8D66E4F0C61F}.Debug|Any CPU.Build.0 = Debug|Any CPU
		{FBC7BDA9-BF11-DD8F-D46E-8D66E4F0C61F}.Release|Any CPU.ActiveCfg = Release|Any CPU
		{FBC7BDA9-BF11-DD8F-D46E-8D66E4F0C61F}.Release|Any CPU.Build.0 = Release|Any CPU
		{4BDE40F5-37AD-15AA-1BFE-804DE8AA2522}.Debug|Any CPU.ActiveCfg = Debug|Any CPU
		{4BDE40F5-37AD-15AA-1BFE-804DE8AA2522}.Debug|Any CPU.Build.0 = Debug|Any CPU
		{4BDE40F5-37AD-15AA-1BFE-804DE8AA2522}.Release|Any CPU.ActiveCfg = Release|Any CPU
		{4BDE40F5-37AD-15AA-1BFE-804DE8AA2522}.Release|Any CPU.Build.0 = Release|Any CPU
		{C7D8A89E-CCEC-0D7D-D937-E5F4E03FD1F1}.Debug|Any CPU.ActiveCfg = Debug|Any CPU
		{C7D8A89E-CCEC-0D7D-D937-E5F4E03FD1F1}.Debug|Any CPU.Build.0 = Debug|Any CPU
		{C7D8A89E-CCEC-0D7D-D937-E5F4E03FD1F1}.Release|Any CPU.ActiveCfg = Release|Any CPU
		{C7D8A89E-CCEC-0D7D-D937-E5F4E03FD1F1}.Release|Any CPU.Build.0 = Release|Any CPU
		{8D76CC1D-20F1-0678-53E8-4126910D367B}.Debug|Any CPU.ActiveCfg = Debug|Any CPU
		{8D76CC1D-20F1-0678-53E8-4126910D367B}.Debug|Any CPU.Build.0 = Debug|Any CPU
		{8D76CC1D-20F1-0678-53E8-4126910D367B}.Release|Any CPU.ActiveCfg = Release|Any CPU
		{8D76CC1D-20F1-0678-53E8-4126910D367B}.Release|Any CPU.Build.0 = Release|Any CPU
		{9FCB2E6E-615C-6584-7F32-90D14F90578E}.Debug|Any CPU.ActiveCfg = Debug|Any CPU
		{9FCB2E6E-615C-6584-7F32-90D14F90578E}.Debug|Any CPU.Build.0 = Debug|Any CPU
		{9FCB2E6E-615C-6584-7F32-90D14F90578E}.Release|Any CPU.ActiveCfg = Release|Any CPU
		{9FCB2E6E-615C-6584-7F32-90D14F90578E}.Release|Any CPU.Build.0 = Release|Any CPU
		{41C27476-DD9F-78A4-E3F9-E172B46A2E3E}.Debug|Any CPU.ActiveCfg = Debug|Any CPU
		{41C27476-DD9F-78A4-E3F9-E172B46A2E3E}.Debug|Any CPU.Build.0 = Debug|Any CPU
		{41C27476-DD9F-78A4-E3F9-E172B46A2E3E}.Release|Any CPU.ActiveCfg = Release|Any CPU
		{41C27476-DD9F-78A4-E3F9-E172B46A2E3E}.Release|Any CPU.Build.0 = Release|Any CPU
		{CC834D86-9DDE-AE09-4BA2-98F64FABCBE9}.Debug|Any CPU.ActiveCfg = Debug|Any CPU
		{CC834D86-9DDE-AE09-4BA2-98F64FABCBE9}.Debug|Any CPU.Build.0 = Debug|Any CPU
		{CC834D86-9DDE-AE09-4BA2-98F64FABCBE9}.Release|Any CPU.ActiveCfg = Release|Any CPU
		{CC834D86-9DDE-AE09-4BA2-98F64FABCBE9}.Release|Any CPU.Build.0 = Release|Any CPU
		{82DEBE4D-36E5-BCD0-A062-910782D2E795}.Debug|Any CPU.ActiveCfg = Debug|Any CPU
		{82DEBE4D-36E5-BCD0-A062-910782D2E795}.Debug|Any CPU.Build.0 = Debug|Any CPU
		{82DEBE4D-36E5-BCD0-A062-910782D2E795}.Release|Any CPU.ActiveCfg = Release|Any CPU
		{82DEBE4D-36E5-BCD0-A062-910782D2E795}.Release|Any CPU.Build.0 = Release|Any CPU
		{C3CCCF23-8CF3-7B54-7748-6CC88319BA42}.Debug|Any CPU.ActiveCfg = Debug|Any CPU
		{C3CCCF23-8CF3-7B54-7748-6CC88319BA42}.Debug|Any CPU.Build.0 = Debug|Any CPU
		{C3CCCF23-8CF3-7B54-7748-6CC88319BA42}.Release|Any CPU.ActiveCfg = Release|Any CPU
		{C3CCCF23-8CF3-7B54-7748-6CC88319BA42}.Release|Any CPU.Build.0 = Release|Any CPU
		{8D6B33C5-CEE1-20B5-A207-99CBB61F699C}.Debug|Any CPU.ActiveCfg = Debug|Any CPU
		{8D6B33C5-CEE1-20B5-A207-99CBB61F699C}.Debug|Any CPU.Build.0 = Debug|Any CPU
		{8D6B33C5-CEE1-20B5-A207-99CBB61F699C}.Release|Any CPU.ActiveCfg = Release|Any CPU
		{8D6B33C5-CEE1-20B5-A207-99CBB61F699C}.Release|Any CPU.Build.0 = Release|Any CPU
	EndGlobalSection
	GlobalSection(SolutionProperties) = preSolution
		HideSolutionNode = FALSE
	EndGlobalSection
	GlobalSection(ExtensibilityGlobals) = postSolution
		SolutionGuid = {E0F42AAD-4AC1-493E-AB16-7EAB2AD30AB2}
	EndGlobalSection
EndGlobal
